
Microsoft Visual Studio Solution File, Format Version 12.00
# Visual Studio Version 16
VisualStudioVersion = 16.0.29326.143
MinimumVisualStudioVersion = 10.0.40219.1
Project("{FAE04EC0-301F-11D3-BF4B-00C04F79EFBC}") = "Demo", "Demo\Demo.csproj", "{53B97C77-6541-461A-B885-56F386B79AC8}"
EndProject
Project("{FAE04EC0-301F-11D3-BF4B-00C04F79EFBC}") = "SchoolDeme", "SchoolDeme\SchoolDeme.csproj", "{99442BB9-A2DA-4F5E-8A51-4DDED849B470}"
EndProject
Project("{FAE04EC0-301F-11D3-BF4B-00C04F79EFBC}") = "SchoolDemo.Model", "SchoolDemo.Model\SchoolDemo.Model.csproj", "{D2E4224C-EE96-4C2E-9E19-D3D9BF0F8247}"
EndProject
Global
	GlobalSection(SolutionConfigurationPlatforms) = preSolution
		Debug|Any CPU = Debug|Any CPU
		Release|Any CPU = Release|Any CPU
	EndGlobalSection
	GlobalSection(ProjectConfigurationPlatforms) = postSolution
		{53B97C77-6541-461A-B885-56F386B79AC8}.Debug|Any CPU.ActiveCfg = Debug|Any CPU
		{53B97C77-6541-461A-B885-56F386B79AC8}.Debug|Any CPU.Build.0 = Debug|Any CPU
		{53B97C77-6541-461A-B885-56F386B79AC8}.Release|Any CPU.ActiveCfg = Release|Any CPU
		{53B97C77-6541-461A-B885-56F386B79AC8}.Release|Any CPU.Build.0 = Release|Any CPU
		{99442BB9-A2DA-4F5E-8A51-4DDED849B470}.Debug|Any CPU.ActiveCfg = Debug|Any CPU
		{99442BB9-A2DA-4F5E-8A51-4DDED849B470}.Debug|Any CPU.Build.0 = Debug|Any CPU
		{99442BB9-A2DA-4F5E-8A51-4DDED849B470}.Release|Any CPU.ActiveCfg = Release|Any CPU
		{99442BB9-A2DA-4F5E-8A51-4DDED849B470}.Release|Any CPU.Build.0 = Release|Any CPU
		{D2E4224C-EE96-4C2E-9E19-D3D9BF0F8247}.Debug|Any CPU.ActiveCfg = Debug|Any CPU
		{D2E4224C-EE96-4C2E-9E19-D3D9BF0F8247}.Debug|Any CPU.Build.0 = Debug|Any CPU
		{D2E4224C-EE96-4C2E-9E19-D3D9BF0F8247}.Release|Any CPU.ActiveCfg = Release|Any CPU
		{D2E4224C-EE96-4C2E-9E19-D3D9BF0F8247}.Release|Any CPU.Build.0 = Release|Any CPU
	EndGlobalSection
	GlobalSection(SolutionProperties) = preSolution
		HideSolutionNode = FALSE
	EndGlobalSection
	GlobalSection(ExtensibilityGlobals) = postSolution
		SolutionGuid = {AA549406-023F-46A0-841E-6A828C89B787}
	EndGlobalSection
EndGlobal
